
Microsoft Visual Studio Solution File, Format Version 12.00
# Visual Studio Version 17
VisualStudioVersion = 17.4.33103.184
MinimumVisualStudioVersion = 10.0.40219.1
Project("{FAE04EC0-301F-11D3-BF4B-00C04F79EFBC}") = "Rocky", "Rocky\Rocky.csproj", "{9424700F-C321-4E8A-B5AC-92468F8FD9DB}"
EndProject
Global
	GlobalSection(SolutionConfigurationPlatforms) = preSolution
		Debug|Any CPU = Debug|Any CPU
		Release|Any CPU = Release|Any CPU
	EndGlobalSection
	GlobalSection(ProjectConfigurationPlatforms) = postSolution
		{9424700F-C321-4E8A-B5AC-92468F8FD9DB}.Debug|Any CPU.ActiveCfg = Debug|Any CPU
		{9424700F-C321-4E8A-B5AC-92468F8FD9DB}.Debug|Any CPU.Build.0 = Debug|Any CPU
		{9424700F-C321-4E8A-B5AC-92468F8FD9DB}.Release|Any CPU.ActiveCfg = Release|Any CPU
		{9424700F-C321-4E8A-B5AC-92468F8FD9DB}.Release|Any CPU.Build.0 = Release|Any CPU
	EndGlobalSection
	GlobalSection(SolutionProperties) = preSolution
		HideSolutionNode = FALSE
	EndGlobalSection
	GlobalSection(ExtensibilityGlobals) = postSolution
		SolutionGuid = {8D8946C5-9C66-4F53-B69C-731FA2C61D67}
	EndGlobalSection
EndGlobal
